github.com/theskibb/sShell v0.0.0-20250608124659-89dead2a9511 h1:cQ9nGOK4tGFUVykt0K+JUq+JT8okPqm9Bc1RWznT0/8=
github.com/theskibb/sShell v0.0.0-20250608124659-89dead2a9511/go.mod h1:J3TpfvDMT1Lv1s5B6dPsE0mp4M3RVBlVCgDY/zSUcM4=
github.com/theskibb/sShell v0.0.0-20250608171332-2c66e5822f6a h1:RYH35fblSHj4aHU51yug9bKq0SuYJHKysZdzH78vlTU=
github.com/theskibb/sShell v0.0.0-20250608171332-2c66e5822f6a/go.mod h1:J3TpfvDMT1Lv1s5B6dPsE0mp4M3RVBlVCgDY/zSUcM4=
